# THIS IS AN AUTOGENERATED FILE. DO NOT EDIT THIS FILE DIRECTLY.
# yarn lockfile v1


"@ampproject/toolbox-core@2.8.0", "@ampproject/toolbox-core@^2.8.0":
  version "2.8.0"
  resolved "https://registry.npmjs.org/@ampproject/toolbox-core/-/toolbox-core-2.8.0.tgz"
  dependencies:
    cross-fetch "3.1.2"
    lru-cache "6.0.0"

"@ampproject/toolbox-optimizer@^2.8.1":
  version "2.8.1"
  resolved "https://registry.npmjs.org/@ampproject/toolbox-optimizer/-/toolbox-optimizer-2.8.1.tgz"
  dependencies:
    "@ampproject/toolbox-core" "2.8.0"
    "@ampproject/toolbox-runtime-version" "2.8.0"
    "@ampproject/toolbox-script-csp" "2.8.0"
    "@ampproject/toolbox-validator-rules" "2.8.0"
    abort-controller "3.0.0"
    cross-fetch "3.1.2"
    cssnano-simple "2.0.0"
    dom-serializer "1.2.0"
    domhandler "4.0.0"
    domutils "2.5.0"
    htmlparser2 "6.0.1"
    https-proxy-agent "5.0.0"
    lru-cache "6.0.0"
    normalize-html-whitespace "1.0.0"
    postcss "8.2.13"
    postcss-safe-parser "5.0.2"
    terser "5.5.1"

"@ampproject/toolbox-runtime-version@2.8.0":
  version "2.8.0"
  resolved "https://registry.npmjs.org/@ampproject/toolbox-runtime-version/-/toolbox-runtime-version-2.8.0.tgz"
  dependencies:
    "@ampproject/toolbox-core" "^2.8.0"

"@ampproject/toolbox-script-csp@2.8.0":
  version "2.8.0"
  resolved "https://registry.npmjs.org/@ampproject/toolbox-script-csp/-/toolbox-script-csp-2.8.0.tgz"

"@ampproject/toolbox-validator-rules@2.8.0":
  version "2.8.0"
  resolved "https://registry.npmjs.org/@ampproject/toolbox-validator-rules/-/toolbox-validator-rules-2.8.0.tgz"
  dependencies:
    cross-fetch "3.1.2"

"@emotion/is-prop-valid@^0.8.2":
  version "0.8.8"
  resolved "https://registry.npmjs.org/@emotion/is-prop-valid/-/is-prop-valid-0.8.8.tgz"
  dependencies:
    "@emotion/memoize" "0.7.4"

"@emotion/memoize@0.7.4":
  version "0.7.4"
  resolved "https://registry.npmjs.org/@emotion/memoize/-/memoize-0.7.4.tgz"

"@next/env@13.0.2":
  version "13.0.2"
  resolved "https://registry.yarnpkg.com/@next/env/-/env-13.0.2.tgz#5fbd7b4146175ae406edfb4a38b62de8c880c09d"

"@next/swc-android-arm-eabi@13.0.2":
  version "13.0.2"
  resolved "https://registry.yarnpkg.com/@next/swc-android-arm-eabi/-/swc-android-arm-eabi-13.0.2.tgz#66669b8aab5062f554b8e9905d855679aabf0342"

"@next/swc-android-arm64@13.0.2":
  version "13.0.2"
  resolved "https://registry.yarnpkg.com/@next/swc-android-arm64/-/swc-android-arm64-13.0.2.tgz#c0641d30525e0fb22bf1e2baf6c461d2d9e52f1a"

"@next/swc-darwin-arm64@13.0.2":
  version "13.0.2"
  resolved "https://registry.yarnpkg.com/@next/swc-darwin-arm64/-/swc-darwin-arm64-13.0.2.tgz#d7e01a33393e83456dbfdc41446bb8a923968ff7"

"@next/swc-darwin-x64@13.0.2":
  version "13.0.2"
  resolved "https://registry.yarnpkg.com/@next/swc-darwin-x64/-/swc-darwin-x64-13.0.2.tgz#d4a3fbe51edf871a675d89a7afdc78174d1e5841"

"@next/swc-freebsd-x64@13.0.2":
  version "13.0.2"
  resolved "https://registry.yarnpkg.com/@next/swc-freebsd-x64/-/swc-freebsd-x64-13.0.2.tgz#1b54c3f38d3b36f86663a8dfcc81ea05e01f5172"

"@next/swc-linux-arm-gnueabihf@13.0.2":
  version "13.0.2"
  resolved "https://registry.yarnpkg.com/@next/swc-linux-arm-gnueabihf/-/swc-linux-arm-gnueabihf-13.0.2.tgz#18495cff32c0b2182cfbf677614219d7072214da"

"@next/swc-linux-arm64-gnu@13.0.2":
  version "13.0.2"
  resolved "https://registry.yarnpkg.com/@next/swc-linux-arm64-gnu/-/swc-linux-arm64-gnu-13.0.2.tgz#5fb2563651166c3c6f32bf9e2f9cc6a16a9ef783"

"@next/swc-linux-arm64-musl@13.0.2":
  version "13.0.2"
  resolved "https://registry.yarnpkg.com/@next/swc-linux-arm64-musl/-/swc-linux-arm64-musl-13.0.2.tgz#b9f33c5e17cfe04aa5769b717284cf80865761e6"

"@next/swc-linux-x64-gnu@13.0.2":
  version "13.0.2"
  resolved "https://registry.yarnpkg.com/@next/swc-linux-x64-gnu/-/swc-linux-x64-gnu-13.0.2.tgz#29efcc2fd0122689d7e06c5b6b0883fe495db2bf"

"@next/swc-linux-x64-musl@13.0.2":
  version "13.0.2"
  resolved "https://registry.yarnpkg.com/@next/swc-linux-x64-musl/-/swc-linux-x64-musl-13.0.2.tgz#d68fdf6eefc57813fa91559c7089b49d6131ecab"

"@next/swc-win32-arm64-msvc@13.0.2":
  version "13.0.2"
  resolved "https://registry.yarnpkg.com/@next/swc-win32-arm64-msvc/-/swc-win32-arm64-msvc-13.0.2.tgz#acdcb3023045f60cca510f659a2349895e6405bd"

"@next/swc-win32-ia32-msvc@13.0.2":
  version "13.0.2"
  resolved "https://registry.yarnpkg.com/@next/swc-win32-ia32-msvc/-/swc-win32-ia32-msvc-13.0.2.tgz#a78ee9211471768febac9df915c2a8dbbcd05e41"

"@next/swc-win32-x64-msvc@13.0.2":
  version "13.0.2"
  resolved "https://registry.yarnpkg.com/@next/swc-win32-x64-msvc/-/swc-win32-x64-msvc-13.0.2.tgz#e86c2de910cd68a17974db5556d4588737412c68"

"@swc/helpers@0.4.11":
  version "0.4.11"
  resolved "https://registry.yarnpkg.com/@swc/helpers/-/helpers-0.4.11.tgz#db23a376761b3d31c26502122f349a21b592c8de"
  dependencies:
    tslib "^2.4.0"

"@types/json-schema@^7.0.5":
  version "7.0.6"
  resolved "https://registry.npmjs.org/@types/json-schema/-/json-schema-7.0.6.tgz"

abort-controller@3.0.0:
  version "3.0.0"
  resolved "https://registry.npmjs.org/abort-controller/-/abort-controller-3.0.0.tgz"
  dependencies:
    event-target-shim "^5.0.0"

agent-base@6:
  version "6.0.2"
  resolved "https://registry.npmjs.org/agent-base/-/agent-base-6.0.2.tgz"
  dependencies:
    debug "4"

ajv-keywords@^3.5.2:
  version "3.5.2"
  resolved "https://registry.npmjs.org/ajv-keywords/-/ajv-keywords-3.5.2.tgz"

ajv@^6.12.4:
  version "6.12.4"
  resolved "https://registry.npmjs.org/ajv/-/ajv-6.12.4.tgz"
  dependencies:
    fast-deep-equal "^3.1.1"
    fast-json-stable-stringify "^2.0.0"
    json-schema-traverse "^0.4.1"
    uri-js "^4.2.2"

babel-runtime@^6.6.1:
  version "6.26.0"
  resolved "https://registry.npmjs.org/babel-runtime/-/babel-runtime-6.26.0.tgz"
  dependencies:
    core-js "^2.4.0"
    regenerator-runtime "^0.11.0"

big.js@^5.2.2:
  version "5.2.2"
  resolved "https://registry.npmjs.org/big.js/-/big.js-5.2.2.tgz"

buffer-from@^1.0.0:
  version "1.1.1"
  resolved "https://registry.npmjs.org/buffer-from/-/buffer-from-1.1.1.tgz"

camel-case@^4.1.1:
  version "4.1.1"
  resolved "https://registry.npmjs.org/camel-case/-/camel-case-4.1.1.tgz"
  dependencies:
    pascal-case "^3.1.1"
    tslib "^1.10.0"

camelcase@^5.0.0:
  version "5.3.1"
  resolved "https://registry.npmjs.org/camelcase/-/camelcase-5.3.1.tgz"

caniuse-lite@^1.0.30001202, caniuse-lite@^1.0.30001406:
  version "1.0.30001431"
  resolved "https://registry.yarnpkg.com/caniuse-lite/-/caniuse-lite-1.0.30001431.tgz#e7c59bd1bc518fae03a4656be442ce6c4887a795"

clean-css@^4.2.3:
  version "4.2.3"
  resolved "https://registry.npmjs.org/clean-css/-/clean-css-4.2.3.tgz"
  dependencies:
    source-map "~0.6.0"

client-only@0.0.1:
  version "0.0.1"
  resolved "https://registry.yarnpkg.com/client-only/-/client-only-0.0.1.tgz#38bba5d403c41ab150bff64a95c85013cf73bca1"

colorette@^1.2.2:
  version "1.2.2"
  resolved "https://registry.npmjs.org/colorette/-/colorette-1.2.2.tgz"

commander@^2.20.0:
  version "2.20.3"
  resolved "https://registry.npmjs.org/commander/-/commander-2.20.3.tgz"

commander@^4.1.1:
  version "4.1.1"
  resolved "https://registry.npmjs.org/commander/-/commander-4.1.1.tgz"

core-js@^2.4.0:
  version "2.6.11"
  resolved "https://registry.npmjs.org/core-js/-/core-js-2.6.11.tgz"

cross-fetch@3.1.2:
  version "3.1.2"
  resolved "https://registry.npmjs.org/cross-fetch/-/cross-fetch-3.1.2.tgz"
  dependencies:
    node-fetch "2.6.1"

cssnano-preset-simple@^2.0.0:
  version "2.0.0"
  resolved "https://registry.npmjs.org/cssnano-preset-simple/-/cssnano-preset-simple-2.0.0.tgz"
  dependencies:
    caniuse-lite "^1.0.30001202"

cssnano-simple@2.0.0:
  version "2.0.0"
  resolved "https://registry.npmjs.org/cssnano-simple/-/cssnano-simple-2.0.0.tgz"
  dependencies:
    cssnano-preset-simple "^2.0.0"

debug@4:
  version "4.3.1"
  resolved "https://registry.npmjs.org/debug/-/debug-4.3.1.tgz"
  dependencies:
    ms "2.1.2"

dom-serializer@1.2.0:
  version "1.2.0"
  resolved "https://registry.npmjs.org/dom-serializer/-/dom-serializer-1.2.0.tgz"
  dependencies:
    domelementtype "^2.0.1"
    domhandler "^4.0.0"
    entities "^2.0.0"

dom-serializer@^1.0.1:
  version "1.3.2"
  resolved "https://registry.npmjs.org/dom-serializer/-/dom-serializer-1.3.2.tgz"
  dependencies:
    domelementtype "^2.0.1"
    domhandler "^4.2.0"
    entities "^2.0.0"

domelementtype@^2.0.1, domelementtype@^2.1.0, domelementtype@^2.2.0:
  version "2.2.0"
  resolved "https://registry.npmjs.org/domelementtype/-/domelementtype-2.2.0.tgz"

domhandler@4.0.0, domhandler@^4.0.0:
  version "4.0.0"
  resolved "https://registry.npmjs.org/domhandler/-/domhandler-4.0.0.tgz"
  dependencies:
    domelementtype "^2.1.0"

domhandler@^3.0.0:
  version "3.0.0"
  resolved "https://registry.npmjs.org/domhandler/-/domhandler-3.0.0.tgz"
  dependencies:
    domelementtype "^2.0.1"

domhandler@^4.2.0:
  version "4.2.0"
  resolved "https://registry.npmjs.org/domhandler/-/domhandler-4.2.0.tgz"
  dependencies:
    domelementtype "^2.2.0"

domutils@2.5.0, domutils@^2.0.0, domutils@^2.4.4:
  version "2.5.0"
  resolved "https://registry.npmjs.org/domutils/-/domutils-2.5.0.tgz"
  dependencies:
    dom-serializer "^1.0.1"
    domelementtype "^2.0.1"
    domhandler "^4.0.0"

dot-case@^3.0.3:
  version "3.0.3"
  resolved "https://registry.npmjs.org/dot-case/-/dot-case-3.0.3.tgz"
  dependencies:
    no-case "^3.0.3"
    tslib "^1.10.0"

emojis-list@^3.0.0:
  version "3.0.0"
  resolved "https://registry.npmjs.org/emojis-list/-/emojis-list-3.0.0.tgz"

entities@^2.0.0:
  version "2.0.2"
  resolved "https://registry.npmjs.org/entities/-/entities-2.0.2.tgz"

event-target-shim@^5.0.0:
  version "5.0.1"
  resolved "https://registry.npmjs.org/event-target-shim/-/event-target-shim-5.0.1.tgz"

fast-deep-equal@^3.1.1:
  version "3.1.1"
  resolved "https://registry.npmjs.org/fast-deep-equal/-/fast-deep-equal-3.1.1.tgz"

fast-json-stable-stringify@^2.0.0:
  version "2.1.0"
  resolved "https://registry.npmjs.org/fast-json-stable-stringify/-/fast-json-stable-stringify-2.1.0.tgz"

framer-motion@^2.9.3:
  version "2.9.3"
  resolved "https://registry.npmjs.org/framer-motion/-/framer-motion-2.9.3.tgz"
  dependencies:
    framesync "^4.1.0"
    hey-listen "^1.0.8"
    popmotion "9.0.0-rc.20"
    style-value-types "^3.1.9"
    tslib "^1.10.0"
  optionalDependencies:
    "@emotion/is-prop-valid" "^0.8.2"

framesync@^4.1.0:
  version "4.1.0"
  resolved "https://registry.npmjs.org/framesync/-/framesync-4.1.0.tgz"
  dependencies:
    hey-listen "^1.0.5"

he@^1.2.0:
  version "1.2.0"
  resolved "https://registry.npmjs.org/he/-/he-1.2.0.tgz"

hey-listen@^1.0.5, hey-listen@^1.0.8:
  version "1.0.8"
  resolved "https://registry.npmjs.org/hey-listen/-/hey-listen-1.0.8.tgz"

hoist-non-react-statics@^2.3.1:
  version "2.5.5"
  resolved "https://registry.npmjs.org/hoist-non-react-statics/-/hoist-non-react-statics-2.5.5.tgz"

html-loader@^1.3.0:
  version "1.3.0"
  resolved "https://registry.npmjs.org/html-loader/-/html-loader-1.3.0.tgz"
  dependencies:
    html-minifier-terser "^5.1.1"
    htmlparser2 "^4.1.0"
    loader-utils "^2.0.0"
    schema-utils "^2.7.0"

html-minifier-terser@^5.1.1:
  version "5.1.1"
  resolved "https://registry.npmjs.org/html-minifier-terser/-/html-minifier-terser-5.1.1.tgz"
  dependencies:
    camel-case "^4.1.1"
    clean-css "^4.2.3"
    commander "^4.1.1"
    he "^1.2.0"
    param-case "^3.0.3"
    relateurl "^0.2.7"
    terser "^4.6.3"

htmlparser2@6.0.1:
  version "6.0.1"
  resolved "https://registry.npmjs.org/htmlparser2/-/htmlparser2-6.0.1.tgz"
  dependencies:
    domelementtype "^2.0.1"
    domhandler "^4.0.0"
    domutils "^2.4.4"
    entities "^2.0.0"

htmlparser2@^4.1.0:
  version "4.1.0"
  resolved "https://registry.npmjs.org/htmlparser2/-/htmlparser2-4.1.0.tgz"
  dependencies:
    domelementtype "^2.0.1"
    domhandler "^3.0.0"
    domutils "^2.0.0"
    entities "^2.0.0"

https-proxy-agent@5.0.0:
  version "5.0.0"
  resolved "https://registry.npmjs.org/https-proxy-agent/-/https-proxy-agent-5.0.0.tgz"
  dependencies:
    agent-base "6"
    debug "4"

idle-timer@^1.2.0:
  version "1.2.0"
  resolved "https://registry.npmjs.org/idle-timer/-/idle-timer-1.2.0.tgz"

jquery@^3.5.1:
  version "3.5.1"
  resolved "https://registry.npmjs.org/jquery/-/jquery-3.5.1.tgz"

"js-tokens@^3.0.0 || ^4.0.0":
  version "4.0.0"
  resolved "https://registry.npmjs.org/js-tokens/-/js-tokens-4.0.0.tgz"

json-schema-traverse@^0.4.1:
  version "0.4.1"
  resolved "https://registry.npmjs.org/json-schema-traverse/-/json-schema-traverse-0.4.1.tgz"

json5@^2.1.2:
  version "2.1.3"
  resolved "https://registry.npmjs.org/json5/-/json5-2.1.3.tgz"
  dependencies:
    minimist "^1.2.5"

loader-utils@^2.0.0:
  version "2.0.0"
  resolved "https://registry.npmjs.org/loader-utils/-/loader-utils-2.0.0.tgz"
  dependencies:
    big.js "^5.2.2"
    emojis-list "^3.0.0"
    json5 "^2.1.2"

loose-envify@^1.1.0, loose-envify@^1.4.0:
  version "1.4.0"
  resolved "https://registry.npmjs.org/loose-envify/-/loose-envify-1.4.0.tgz"
  dependencies:
    js-tokens "^3.0.0 || ^4.0.0"

lower-case@^2.0.1:
  version "2.0.1"
  resolved "https://registry.npmjs.org/lower-case/-/lower-case-2.0.1.tgz"
  dependencies:
    tslib "^1.10.0"

lru-cache@6.0.0:
  version "6.0.0"
  resolved "https://registry.npmjs.org/lru-cache/-/lru-cache-6.0.0.tgz"
  dependencies:
    yallist "^4.0.0"

minimist@^1.2.5:
  version "1.2.5"
  resolved "https://registry.npmjs.org/minimist/-/minimist-1.2.5.tgz"

ms@2.1.2:
  version "2.1.2"
  resolved "https://registry.npmjs.org/ms/-/ms-2.1.2.tgz"

nanoid@^3.1.22:
  version "3.1.23"
  resolved "https://registry.npmjs.org/nanoid/-/nanoid-3.1.23.tgz"

nanoid@^3.3.4:
  version "3.3.4"
  resolved "https://registry.yarnpkg.com/nanoid/-/nanoid-3.3.4.tgz#730b67e3cd09e2deacf03c027c81c9d9dbc5e8ab"

next@^13.0.2:
  version "13.0.2"
  resolved "https://registry.yarnpkg.com/next/-/next-13.0.2.tgz#b8c8642c70f736ed91105645391d335fc51c8f62"
  dependencies:
    "@next/env" "13.0.2"
    "@swc/helpers" "0.4.11"
    caniuse-lite "^1.0.30001406"
    postcss "8.4.14"
    styled-jsx "5.1.0"
    use-sync-external-store "1.2.0"
  optionalDependencies:
    "@next/swc-android-arm-eabi" "13.0.2"
    "@next/swc-android-arm64" "13.0.2"
    "@next/swc-darwin-arm64" "13.0.2"
    "@next/swc-darwin-x64" "13.0.2"
    "@next/swc-freebsd-x64" "13.0.2"
    "@next/swc-linux-arm-gnueabihf" "13.0.2"
    "@next/swc-linux-arm64-gnu" "13.0.2"
    "@next/swc-linux-arm64-musl" "13.0.2"
    "@next/swc-linux-x64-gnu" "13.0.2"
    "@next/swc-linux-x64-musl" "13.0.2"
    "@next/swc-win32-arm64-msvc" "13.0.2"
    "@next/swc-win32-ia32-msvc" "13.0.2"
    "@next/swc-win32-x64-msvc" "13.0.2"

no-case@^3.0.3:
  version "3.0.3"
  resolved "https://registry.npmjs.org/no-case/-/no-case-3.0.3.tgz"
  dependencies:
    lower-case "^2.0.1"
    tslib "^1.10.0"

node-fetch@2.6.1:
  version "2.6.1"
  resolved "https://registry.npmjs.org/node-fetch/-/node-fetch-2.6.1.tgz"

normalize-html-whitespace@1.0.0:
  version "1.0.0"
  resolved "https://registry.npmjs.org/normalize-html-whitespace/-/normalize-html-whitespace-1.0.0.tgz"

object-assign@^4.0.1, object-assign@^4.1.1:
  version "4.1.1"
  resolved "https://registry.npmjs.org/object-assign/-/object-assign-4.1.1.tgz"

param-case@^3.0.3:
  version "3.0.3"
  resolved "https://registry.npmjs.org/param-case/-/param-case-3.0.3.tgz"
  dependencies:
    dot-case "^3.0.3"
    tslib "^1.10.0"

pascal-case@^3.1.1:
  version "3.1.1"
  resolved "https://registry.npmjs.org/pascal-case/-/pascal-case-3.1.1.tgz"
  dependencies:
    no-case "^3.0.3"
    tslib "^1.10.0"

picocolors@^1.0.0:
  version "1.0.0"
  resolved "https://registry.yarnpkg.com/picocolors/-/picocolors-1.0.0.tgz#cb5bdc74ff3f51892236eaf79d68bc44564ab81c"

popmotion@9.0.0-rc.20:
  version "9.0.0-rc.20"
  resolved "https://registry.npmjs.org/popmotion/-/popmotion-9.0.0-rc.20.tgz"
  dependencies:
    framesync "^4.1.0"
    hey-listen "^1.0.8"
    style-value-types "^3.1.9"
    tslib "^1.10.0"

postcss-safe-parser@5.0.2:
  version "5.0.2"
  resolved "https://registry.npmjs.org/postcss-safe-parser/-/postcss-safe-parser-5.0.2.tgz"
  dependencies:
    postcss "^8.1.0"

postcss@8.2.13:
  version "8.2.13"
  resolved "https://registry.npmjs.org/postcss/-/postcss-8.2.13.tgz"
  dependencies:
    colorette "^1.2.2"
    nanoid "^3.1.22"
    source-map "^0.6.1"

postcss@8.4.14, postcss@^8.1.0, postcss@^8.3.3:
  version "8.4.14"
  resolved "https://registry.yarnpkg.com/postcss/-/postcss-8.4.14.tgz#ee9274d5622b4858c1007a74d76e42e56fd21caf"
  dependencies:
    nanoid "^3.3.4"
    picocolors "^1.0.0"
    source-map-js "^1.0.2"

prettier@2.1.2:
  version "2.1.2"
  resolved "https://registry.npmjs.org/prettier/-/prettier-2.1.2.tgz"

prop-types@^15.6.2:
  version "15.7.2"
  resolved "https://registry.npmjs.org/prop-types/-/prop-types-15.7.2.tgz"
  dependencies:
    loose-envify "^1.4.0"
    object-assign "^4.1.1"
    react-is "^16.8.1"

punycode@^2.1.0:
  version "2.1.1"
  resolved "https://registry.npmjs.org/punycode/-/punycode-2.1.1.tgz"

react-dom@16.13.1:
  version "16.13.1"
  resolved "https://registry.npmjs.org/react-dom/-/react-dom-16.13.1.tgz"
  dependencies:
    loose-envify "^1.1.0"
    object-assign "^4.1.1"
    prop-types "^15.6.2"
    scheduler "^0.19.1"

react-icons@^3.11.0:
  version "3.11.0"
  resolved "https://registry.npmjs.org/react-icons/-/react-icons-3.11.0.tgz"
  dependencies:
    camelcase "^5.0.0"

react-idle-timer@^4.5.0:
  version "4.5.0"
  resolved "https://registry.npmjs.org/react-idle-timer/-/react-idle-timer-4.5.0.tgz"

react-is@^16.8.1:
  version "16.8.6"
  resolved "https://registry.npmjs.org/react-is/-/react-is-16.8.6.tgz"

react-timeout@^2.0.0:
  version "2.0.0"
  resolved "https://registry.npmjs.org/react-timeout/-/react-timeout-2.0.0.tgz"
  dependencies:
    hoist-non-react-statics "^2.3.1"
    object-assign "^4.0.1"

react-window-size@^1.2.2:
  version "1.2.2"
  resolved "https://registry.npmjs.org/react-window-size/-/react-window-size-1.2.2.tgz"
  dependencies:
    babel-runtime "^6.6.1"

react@16.13.1:
  version "16.13.1"
  resolved "https://registry.npmjs.org/react/-/react-16.13.1.tgz"
  dependencies:
    loose-envify "^1.1.0"
    object-assign "^4.1.1"
    prop-types "^15.6.2"

regenerator-runtime@^0.11.0:
  version "0.11.1"
  resolved "https://registry.npmjs.org/regenerator-runtime/-/regenerator-runtime-0.11.1.tgz"

relateurl@^0.2.7:
  version "0.2.7"
  resolved "https://registry.npmjs.org/relateurl/-/relateurl-0.2.7.tgz"

scheduler@^0.19.1:
  version "0.19.1"
  resolved "https://registry.npmjs.org/scheduler/-/scheduler-0.19.1.tgz"
  dependencies:
    loose-envify "^1.1.0"
    object-assign "^4.1.1"

schema-utils@^2.7.0:
  version "2.7.1"
  resolved "https://registry.npmjs.org/schema-utils/-/schema-utils-2.7.1.tgz"
  dependencies:
    "@types/json-schema" "^7.0.5"
    ajv "^6.12.4"
    ajv-keywords "^3.5.2"

source-map-js@^1.0.2:
  version "1.0.2"
  resolved "https://registry.yarnpkg.com/source-map-js/-/source-map-js-1.0.2.tgz#adbc361d9c62df380125e7f161f71c826f1e490c"

source-map-support@~0.5.12, source-map-support@~0.5.19:
  version "0.5.19"
  resolved "https://registry.npmjs.org/source-map-support/-/source-map-support-0.5.19.tgz"
  dependencies:
    buffer-from "^1.0.0"
    source-map "^0.6.0"

source-map@^0.6.0, source-map@^0.6.1, source-map@~0.6.0, source-map@~0.6.1:
  version "0.6.1"
  resolved "https://registry.npmjs.org/source-map/-/source-map-0.6.1.tgz"

source-map@~0.7.2:
  version "0.7.3"
  resolved "https://registry.npmjs.org/source-map/-/source-map-0.7.3.tgz"

style-value-types@^3.1.9:
  version "3.1.9"
  resolved "https://registry.npmjs.org/style-value-types/-/style-value-types-3.1.9.tgz"
  dependencies:
    hey-listen "^1.0.8"
    tslib "^1.10.0"

styled-jsx@5.1.0:
  version "5.1.0"
  resolved "https://registry.yarnpkg.com/styled-jsx/-/styled-jsx-5.1.0.tgz#4a5622ab9714bd3fcfaeec292aa555871f057563"
  dependencies:
    client-only "0.0.1"

terser@5.5.1:
  version "5.5.1"
  resolved "https://registry.npmjs.org/terser/-/terser-5.5.1.tgz"
  dependencies:
    commander "^2.20.0"
    source-map "~0.7.2"
    source-map-support "~0.5.19"

terser@^4.6.3:
  version "4.6.13"
  resolved "https://registry.npmjs.org/terser/-/terser-4.6.13.tgz"
  dependencies:
    commander "^2.20.0"
    source-map "~0.6.1"
    source-map-support "~0.5.12"

tslib@^1.10.0:
  version "1.11.2"
  resolved "https://registry.npmjs.org/tslib/-/tslib-1.11.2.tgz"

tslib@^2.4.0:
  version "2.4.1"
  resolved "https://registry.yarnpkg.com/tslib/-/tslib-2.4.1.tgz#0d0bfbaac2880b91e22df0768e55be9753a5b17e"

uri-js@^4.2.2:
  version "4.2.2"
  resolved "https://registry.npmjs.org/uri-js/-/uri-js-4.2.2.tgz"
  dependencies:
    punycode "^2.1.0"

use-long-press@^1.0.5:
  version "1.0.5"
  resolved "https://registry.npmjs.org/use-long-press/-/use-long-press-1.0.5.tgz"

use-sync-external-store@1.2.0:
  version "1.2.0"
  resolved "https://registry.yarnpkg.com/use-sync-external-store/-/use-sync-external-store-1.2.0.tgz#7dbefd6ef3fe4e767a0cf5d7287aacfb5846928a"

wavesurfer.js@^2.0.0-beta01:
  version "2.0.0-beta01"
  resolved "https://registry.npmjs.org/wavesurfer.js/-/wavesurfer.js-2.0.0-beta01.tgz"

yallist@^4.0.0:
  version "4.0.0"
  resolved "https://registry.npmjs.org/yallist/-/yallist-4.0.0.tgz"

zustand@^3.5.2:
  version "3.5.2"
  resolved "https://registry.npmjs.org/zustand/-/zustand-3.5.2.tgz"
